// !$*UTF8*$!
{
	archiveVersion = 1;
	classes = {
	};
	objectVersion = 46;
	objects = {

/* Begin PBXBuildFile section */
		E46317281BA2134C00E848BD /* AppDelegate.swift in Sources */ = {isa = PBXBuildFile; fileRef = E46317271BA2134C00E848BD /* AppDelegate.swift */; };
		E463172A1BA2134C00E848BD /* ViewController.swift in Sources */ = {isa = PBXBuildFile; fileRef = E46317291BA2134C00E848BD /* ViewController.swift */; };
		E463172D1BA2134C00E848BD /* Main.storyboard in Resources */ = {isa = PBXBuildFile; fileRef = E463172B1BA2134C00E848BD /* Main.storyboard */; };
		E463172F1BA2134C00E848BD /* Images.xcassets in Resources */ = {isa = PBXBuildFile; fileRef = E463172E1BA2134C00E848BD /* Images.xcassets */; };
		E46317321BA2134C00E848BD /* LaunchScreen.xib in Resources */ = {isa = PBXBuildFile; fileRef = E46317301BA2134C00E848BD /* LaunchScreen.xib */; };
		E463173E1BA2134C00E848BD /* UIScrollView_FrameTests.swift in Sources */ = {isa = PBXBuildFile; fileRef = E463173D1BA2134C00E848BD /* UIScrollView_FrameTests.swift */; };
/* End PBXBuildFile section */

/* Begin PBXContainerItemProxy section */
		E46317381BA2134C00E848BD /* PBXContainerItemProxy */ = {
			isa = PBXContainerItemProxy;
			containerPortal = E463171A1BA2134C00E848BD /* Project object */;
			proxyType = 1;
			remoteGlobalIDString = E46317211BA2134C00E848BD;
			remoteInfo = "UIScrollView-Frame";
		};
/* End PBXContainerItemProxy section */

/* Begin PBXFileReference section */
		E46317221BA2134C00E848BD /* UIScrollView-Frame.app */ = {isa = PBXFileReference; explicitFileType = wrapper.application; includeInIndex = 0; path = "UIScrollView-Frame.app"; sourceTree = BUILT_PRODUCTS_DIR; };
		E46317261BA2134C00E848BD /* Info.plist */ = {isa = PBXFileReference; lastKnownFileType = text.plist.xml; path = Info.plist; sourceTree = "<group>"; };
		E46317271BA2134C00E848BD /* AppDelegate.swift */ = {isa = PBXFileReference; lastKnownFileType = sourcecode.swift; path = AppDelegate.swift; sourceTree = "<group>"; };
		E46317291BA2134C00E848BD /* ViewController.swift */ = {isa = PBXFileReference; lastKnownFileType = sourcecode.swift; path = ViewController.swift; sourceTree = "<group>"; };
		E463172C1BA2134C00E848BD /* Base */ = {isa = PBXFileReference; lastKnownFileType = file.storyboard; name = Base; path = Base.lproj/Main.storyboard; sourceTree = "<group>"; };
		E463172E1BA2134C00E848BD /* Images.xcassets */ = {isa = PBXFileReference; lastKnownFileType = folder.assetcatalog; path = Images.xcassets; sourceTree = "<group>"; };
		E46317311BA2134C00E848BD /* Base */ = {isa = PBXFileReference; lastKnownFileType = file.xib; name = Base; path = Base.lproj/LaunchScreen.xib; sourceTree = "<group>"; };
		E46317371BA2134C00E848BD /* UIScrollView-FrameTests.xctest */ = {isa = PBXFileReference; explicitFileType = wrapper.cfbundle; includeInIndex = 0; path = "UIScrollView-FrameTests.xctest"; sourceTree = BUILT_PRODUCTS_DIR; };
		E463173C1BA2134C00E848BD /* Info.plist */ = {isa = PBXFileReference; lastKnownFileType = text.plist.xml; path = Info.plist; sourceTree = "<group>"; };
		E463173D1BA2134C00E848BD /* UIScrollView_FrameTests.swift */ = {isa = PBXFileReference; lastKnownFileType = sourcecode.swift; path = UIScrollView_FrameTests.swift; sourceTree = "<group>"; };
/* End PBXFileReference section */

/* Begin PBXFrameworksBuildPhase section */
		E463171F1BA2134C00E848BD /* Frameworks */ = {
			isa = PBXFrameworksBuildPhase;
			buildActionMask = 2147483647;
			files = (
			);
			runOnlyForDeploymentPostprocessing = 0;
		};
		E46317341BA2134C00E848BD /* Frameworks */ = {
			isa = PBXFrameworksBuildPhase;
			buildActionMask = 2147483647;
			files = (
			);
			runOnlyForDeploymentPostprocessing = 0;
		};
/* End PBXFrameworksBuildPhase section */

/* Begin PBXGroup section */
		E46317191BA2134C00E848BD = {
			isa = PBXGroup;
			children = (
				E46317241BA2134C00E848BD /* UIScrollView-Frame */,
				E463173A1BA2134C00E848BD /* UIScrollView-FrameTests */,
				E46317231BA2134C00E848BD /* Products */,
			);
			sourceTree = "<group>";
		};
		E46317231BA2134C00E848BD /* Products */ = {
			isa = PBXGroup;
			children = (
				E46317221BA2134C00E848BD /* UIScrollView-Frame.app */,
				E46317371BA2134C00E848BD /* UIScrollView-FrameTests.xctest */,
			);
			name = Products;
			sourceTree = "<group>";
		};
		E46317241BA2134C00E848BD /* UIScrollView-Frame */ = {
			isa = PBXGroup;
			children = (
				E46317271BA2134C00E848BD /* AppDelegate.swift */,
				E46317291BA2134C00E848BD /* ViewController.swift */,
				E463172B1BA2134C00E848BD /* Main.storyboard */,
				E463172E1BA2134C00E848BD /* Images.xcassets */,
				E46317301BA2134C00E848BD /* LaunchScreen.xib */,
				E46317251BA2134C00E848BD /* Supporting Files */,
			);
			path = "UIScrollView-Frame";
			sourceTree = "<group>";
		};
		E46317251BA2134C00E848BD /* Supporting Files */ = {
			isa = PBXGroup;
			children = (
				E46317261BA2134C00E848BD /* Info.plist */,
			);
			name = "Supporting Files";
			sourceTree = "<group>";
		};
		E463173A1BA2134C00E848BD /* UIScrollView-FrameTests */ = {
			isa = PBXGroup;
			children = (
				E463173D1BA2134C00E848BD /* UIScrollView_FrameTests.swift */,
				E463173B1BA2134C00E848BD /* Supporting Files */,
			);
			path = "UIScrollView-FrameTests";
			sourceTree = "<group>";
		};
		E463173B1BA2134C00E848BD /* Supporting Files */ = {
			isa = PBXGroup;
			children = (
				E463173C1BA2134C00E848BD /* Info.plist */,
			);
			name = "Supporting Files";
			sourceTree = "<group>";
		};
/* End PBXGroup section */

/* Begin PBXNativeTarget section */
		E46317211BA2134C00E848BD /* UIScrollView-Frame */ = {
			isa = PBXNativeTarget;
			buildConfigurationList = E46317411BA2134C00E848BD /* Build configuration list for PBXNativeTarget "UIScrollView-Frame" */;
			buildPhases = (
				E463171E1BA2134C00E848BD /* Sources */,
				E463171F1BA2134C00E848BD /* Frameworks */,
				E46317201BA2134C00E848BD /* Resources */,
			);
			buildRules = (
			);
			dependencies = (
			);
			name = "UIScrollView-Frame";
			productName = "UIScrollView-Frame";
			productReference = E46317221BA2134C00E848BD /* UIScrollView-Frame.app */;
			productType = "com.apple.product-type.application";
		};
		E46317361BA2134C00E848BD /* UIScrollView-FrameTests */ = {
			isa = PBXNativeTarget;
			buildConfigurationList = E46317441BA2134C00E848BD /* Build configuration list for PBXNativeTarget "UIScrollView-FrameTests" */;
			buildPhases = (
				E46317331BA2134C00E848BD /* Sources */,
				E46317341BA2134C00E848BD /* Frameworks */,
				E46317351BA2134C00E848BD /* Resources */,
			);
			buildRules = (
			);
			dependencies = (
				E46317391BA2134C00E848BD /* PBXTargetDependency */,
			);
			name = "UIScrollView-FrameTests";
			productName = "UIScrollView-FrameTests";
			productReference = E46317371BA2134C00E848BD /* UIScrollView-FrameTests.xctest */;
			productType = "com.apple.product-type.bundle.unit-test";
		};
/* End PBXNativeTarget section */

/* Begin PBXProject section */
		E463171A1BA2134C00E848BD /* Project object */ = {
			isa = PBXProject;
			attributes = {
				LastSwiftUpdateCheck = 0720;
				LastUpgradeCheck = 0640;
				ORGANIZATIONNAME = "Honghao Zhang";
				TargetAttributes = {
					E46317211BA2134C00E848BD = {
						CreatedOnToolsVersion = 6.4;
					};
					E46317361BA2134C00E848BD = {
						CreatedOnToolsVersion = 6.4;
						TestTargetID = E46317211BA2134C00E848BD;
					};
				};
			};
			buildConfigurationList = E463171D1BA2134C00E848BD /* Build configuration list for PBXProject "UIScrollView-Frame" */;
			compatibilityVersion = "Xcode 3.2";
			developmentRegion = English;
			hasScannedForEncodings = 0;
			knownRegions = (
				en,
				Base,
			);
			mainGroup = E46317191BA2134C00E848BD;
			productRefGroup = E46317231BA2134C00E848BD /* Products */;
			projectDirPath = "";
			projectRoot = "";
			targets = (
				E46317211BA2134C00E848BD /* UIScrollView-Frame */,
				E46317361BA2134C00E848BD /* UIScrollView-FrameTests */,
			);
		};
/* End PBXProject section */

/* Begin PBXResourcesBuildPhase section */
		E46317201BA2134C00E848BD /* Resources */ = {
			isa = PBXResourcesBuildPhase;
			buildActionMask = 2147483647;
			files = (
				E463172D1BA2134C00E848BD /* Main.storyboard in Resources */,
				E46317321BA2134C00E848BD /* LaunchScreen.xib in Resources */,
				E463172F1BA2134C00E848BD /* Images.xcassets in Resources */,
			);
			runOnlyForDeploymentPostprocessing = 0;
		};
		E46317351BA2134C00E848BD /* Resources */ = {
			isa = PBXResourcesBuildPhase;
			buildActionMask = 2147483647;
			files = (
			);
			runOnlyForDeploymentPostprocessing = 0;
		};
/* End PBXResourcesBuildPhase section */

/* Begin PBXSourcesBuildPhase section */
		E463171E1BA2134C00E848BD /* Sources */ = {
			isa = PBXSourcesBuildPhase;
			buildActionMask = 2147483647;
			files = (
				E463172A1BA2134C00E848BD /* ViewController.swift in Sources */,
				E46317281BA2134C00E848BD /* AppDelegate.swift in Sources */,
			);
			runOnlyForDeploymentPostprocessing = 0;
		};
		E46317331BA2134C00E848BD /* Sources */ = {
			isa = PBXSourcesBuildPhase;
			buildActionMask = 2147483647;
			files = (
				E463173E1BA2134C00E848BD /* UIScrollView_FrameTests.swift in Sources */,
			);
			runOnlyForDeploymentPostprocessing = 0;
		};
/* End PBXSourcesBuildPhase section */

/* Begin PBXTargetDependency section */
		E46317391BA2134C00E848BD /* PBXTargetDependency */ = {
			isa = PBXTargetDependency;
			target = E46317211BA2134C00E848BD /* UIScrollView-Frame */;
			targetProxy = E46317381BA2134C00E848BD /* PBXContainerItemProxy */;
		};
/* End PBXTargetDependency section */

/* Begin PBXVariantGroup section */
		E463172B1BA2134C00E848BD /* Main.storyboard */ = {
			isa = PBXVariantGroup;
			children = (
				E463172C1BA2134C00E848BD /* Base */,
			);
			name = Main.storyboard;
			sourceTree = "<group>";
		};
		E46317301BA2134C00E848BD /* LaunchScreen.xib */ = {
			isa = PBXVariantGroup;
			children = (
				E46317311BA2134C00E848BD /* Base */,
			);
			name = LaunchScreen.xib;
			sourceTree = "<group>";
		};
/* End PBXVariantGroup section */

/* Begin XCBuildConfiguration section */
		E463173F1BA2134C00E848BD /* Debug */ = {
			isa = XCBuildConfiguration;
			buildSettings = {
				ALWAYS_SEARCH_USER_PATHS = NO;
				CLANG_CXX_LANGUAGE_STANDARD = "gnu++0x";
				CLANG_CXX_LIBRARY = "libc++";
				CLANG_ENABLE_MODULES = YES;
				CLANG_ENABLE_OBJC_ARC = YES;
				CLANG_WARN_BOOL_CONVERSION = YES;
				CLANG_WARN_CONSTANT_CONVERSION = YES;
				CLANG_WARN_DIRECT_OBJC_ISA_USAGE = YES_ERROR;
				CLANG_WARN_EMPTY_BODY = YES;
				CLANG_WARN_ENUM_CONVERSION = YES;
				CLANG_WARN_INT_CONVERSION = YES;
				CLANG_WARN_OBJC_ROOT_CLASS = YES_ERROR;
				CLANG_WARN_UNREACHABLE_CODE = YES;
				CLANG_WARN__DUPLICATE_METHOD_MATCH = YES;
				"CODE_SIGN_IDENTITY[sdk=iphoneos*]" = "iPhone Developer";
				COPY_PHASE_STRIP = NO;
				DEBUG_INFORMATION_FORMAT = "dwarf-with-dsym";
				ENABLE_STRICT_OBJC_MSGSEND = YES;
				GCC_C_LANGUAGE_STANDARD = gnu99;
				GCC_DYNAMIC_NO_PIC = NO;
				GCC_NO_COMMON_BLOCKS = YES;
				GCC_OPTIMIZATION_LEVEL = 0;
				GCC_PREPROCESSOR_DEFINITIONS = (
					"DEBUG=1",
					"$(inherited)",
				);
				GCC_SYMBOLS_PRIVATE_EXTERN = NO;
				GCC_WARN_64_TO_32_BIT_CONVERSION = YES;
				GCC_WARN_ABOUT_RETURN_TYPE = YES_ERROR;
				GCC_WARN_UNDECLARED_SELECTOR = YES;
				GCC_WARN_UNINITIALIZED_AUTOS = YES_AGGRESSIVE;
				GCC_WARN_UNUSED_FUNCTION = YES;
				GCC_WARN_UNUSED_VARIABLE = YES;
				IPHONEOS_DEPLOYMENT_TARGET = 8.4;
				MTL_ENABLE_DEBUG_INFO = YES;
				ONLY_ACTIVE_ARCH = YES;
				SDKROOT = iphoneos;
				SWIFT_OPTIMIZATION_LEVEL = "-Onone";
				TARGETED_DEVICE_FAMILY = "1,2";
			};
			name = Debug;
		};
		E46317401BA2134C00E848BD /* Release */ = {
			isa = XCBuildConfiguration;
			buildSettings = {
				ALWAYS_SEARCH_USER_PATHS = NO;
				CLANG_CXX_LANGUAGE_STANDARD = "gnu++0x";
				CLANG_CXX_LIBRARY = "libc++";
				CLANG_ENABLE_MODULES = YES;
				CLANG_ENABLE_OBJC_ARC = YES;
				CLANG_WARN_BOOL_CONVERSION = YES;
				CLANG_WARN_CONSTANT_CONVERSION = YES;
				CLANG_WARN_DIRECT_OBJC_ISA_USAGE = YES_ERROR;
				CLANG_WARN_EMPTY_BODY = YES;
				CLANG_WARN_ENUM_CONVERSION = YES;
				CLANG_WARN_INT_CONVERSION = YES;
				CLANG_WARN_OBJC_ROOT_CLASS = YES_ERROR;
				CLANG_WARN_UNREACHABLE_CODE = YES;
				CLANG_WARN__DUPLICATE_METHOD_MATCH = YES;
				"CODE_SIGN_IDENTITY[sdk=iphoneos*]" = "iPhone Developer";
				COPY_PHASE_STRIP = NO;
				DEBUG_INFORMATION_FORMAT = "dwarf-with-dsym";
				ENABLE_NS_ASSERTIONS = NO;
				ENABLE_STRICT_OBJC_MSGSEND = YES;
				GCC_C_LANGUAGE_STANDARD = gnu99;
				GCC_NO_COMMON_BLOCKS = YES;
				GCC_WARN_64_TO_32_BIT_CONVERSION = YES;
				GCC_WARN_ABOUT_RETURN_TYPE = YES_ERROR;
				GCC_WARN_UNDECLARED_SELECTOR = YES;
				GCC_WARN_UNINITIALIZED_AUTOS = YES_AGGRESSIVE;
				GCC_WARN_UNUSED_FUNCTION = YES;
				GCC_WARN_UNUSED_VARIABLE = YES;
				IPHONEOS_DEPLOYMENT_TARGET = 8.4;
				MTL_ENABLE_DEBUG_INFO = NO;
				SDKROOT = iphoneos;
				TARGETED_DEVICE_FAMILY = "1,2";
				VALIDATE_PRODUCT = YES;
			};
			name = Release;
		};
		E46317421BA2134C00E848BD /* Debug */ = {
			isa = XCBuildConfiguration;
			buildSettings = {
				ASSETCATALOG_COMPILER_APPICON_NAME = AppIcon;
				INFOPLIST_FILE = "UIScrollView-Frame/Info.plist";
				LD_RUNPATH_SEARCH_PATHS = "$(inherited) @executable_path/Frameworks";
				PRODUCT_NAME = "$(TARGET_NAME)";
			};
			name = Debug;
		};
		E46317431BA2134C00E848BD /* Release */ = {
			isa = XCBuildConfiguration;
			buildSettings = {
				ASSETCATALOG_COMPILER_APPICON_NAME = AppIcon;
				INFOPLIST_FILE = "UIScrollView-Frame/Info.plist";
				LD_RUNPATH_SEARCH_PATHS = "$(inherited) @executable_path/Frameworks";
				PRODUCT_NAME = "$(TARGET_NAME)";
			};
			name = Release;
		};
		E46317451BA2134C00E848BD /* Debug */ = {
			isa = XCBuildConfiguration;
			buildSettings = {
				BUNDLE_LOADER = "$(TEST_HOST)";
				FRAMEWORK_SEARCH_PATHS = (
					"$(SDKROOT)/Developer/Library/Frameworks",
					"$(inherited)",
				);
				GCC_PREPROCESSOR_DEFINITIONS = (
					"DEBUG=1",
					"$(inherited)",
				);
				INFOPLIST_FILE = "UIScrollView-FrameTests/Info.plist";
				LD_RUNPATH_SEARCH_PATHS = "$(inherited) @executable_path/Frameworks @loader_path/Frameworks";
				PRODUCT_NAME = "$(TARGET_NAME)";
				TEST_HOST = "$(BUILT_PRODUCTS_DIR)/UIScrollView-Frame.app/UIScrollView-Frame";
			};
			name = Debug;
		};
		E46317461BA2134C00E848BD /* Release */ = {
			isa = XCBuildConfiguration;
			buildSettings = {
				BUNDLE_LOADER = "$(TEST_HOST)";
				FRAMEWORK_SEARCH_PATHS = (
					"$(SDKROOT)/Developer/Library/Frameworks",
					"$(inherited)",
				);
				INFOPLIST_FILE = "UIScrollView-FrameTests/Info.plist";
				LD_RUNPATH_SEARCH_PATHS = "$(inherited) @executable_path/Frameworks @loader_path/Frameworks";
				PRODUCT_NAME = "$(TARGET_NAME)";
				TEST_HOST = "$(BUILT_PRODUCTS_DIR)/UIScrollView-Frame.app/UIScrollView-Frame";
			};
			name = Release;
		};
/* End XCBuildConfiguration section */

/* Begin XCConfigurationList section */
		E463171D1BA2134C00E848BD /* Build configuration list for PBXProject "UIScrollView-Frame" */ = {
			isa = XCConfigurationList;
			buildConfigurations = (
				E463173F1BA2134C00E848BD /* Debug */,
				E46317401BA2134C00E848BD /* Release */,
			);
			defaultConfigurationIsVisible = 0;
			defaultConfigurationName = Release;
		};
		E46317411BA2134C00E848BD /* Build configuration list for PBXNativeTarget "UIScrollView-Frame" */ = {
			isa = XCConfigurationList;
			buildConfigurations = (
				E46317421BA2134C00E848BD /* Debug */,
				E46317431BA2134C00E848BD /* Release */,
			);
			defaultConfigurationIsVisible = 0;
			defaultConfigurationName = Release;
		};
		E46317441BA2134C00E848BD /* Build configuration list for PBXNativeTarget "UIScrollView-FrameTests" */ = {
			isa = XCConfigurationList;
			buildConfigurations = (
				E46317451BA2134C00E848BD /* Debug */,
				E46317461BA2134C00E848BD /* Release */,
			);
			defaultConfigurationIsVisible = 0;
			defaultConfigurationName = Release;
		};
/* End XCConfigurationList section */
	};
	rootObject = E463171A1BA2134C00E848BD /* Project object */;
}
